
Microsoft Visual Studio Solution File, Format Version 12.00
# Visual Studio Version 17
VisualStudioVersion = 17.0.31903.59
MinimumVisualStudioVersion = 10.0.40219.1
Project("{2150E333-8FDC-42A3-9474-1A3956D46DE8}") = "src", "src", "{A1F426FD-2603-445E-946F-6E024896A65D}"
EndProject
Project("{9A19103F-16F7-4668-BE54-9A1E7A4F7556}") = "AutoService.Core", "src\AutoService.Core\AutoService.Core.csproj", "{787A1231-D3FA-417B-9376-6E3AB36D0DA2}"
EndProject
Project("{9A19103F-16F7-4668-BE54-9A1E7A4F7556}") = "AutoService.Application", "src\AutoService.Application\AutoService.Application.csproj", "{4DD8C7E1-6053-49DE-88EC-500428B21DE0}"
EndProject
Project("{9A19103F-16F7-4668-BE54-9A1E7A4F7556}") = "AutoService.Infrastructure", "src\AutoService.Infrastructure\AutoService.Infrastructure.csproj", "{D5679FD1-56AE-4A73-9012-CFB5DA1D2665}"
EndProject
Project("{9A19103F-16F7-4668-BE54-9A1E7A4F7556}") = "AutoService.Api", "src\AutoService.Api\AutoService.Api.csproj", "{A29B2A1F-EACE-4AD9-84BA-13FBEAC939BF}"
EndProject
Project("{9A19103F-16F7-4668-BE54-9A1E7A4F7556}") = "AutoService.Domain", "src\AutoService.Domain\AutoService.Domain.csproj", "{2034019F-36F1-4D58-95E0-57D517501F72}"
EndProject
Project("{2150E333-8FDC-42A3-9474-1A3956D46DE8}") = "tests", "tests", "{229ADCF5-EF10-41EA-B914-6FD59310D311}"
EndProject
Project("{FAE04EC0-301F-11D3-BF4B-00C04F79EFBC}") = "AutoService.Domain.Tests", "tests\AutoService.Domain.Tests\AutoService.Domain.Tests.csproj", "{F52FF174-AAF3-4793-B2EC-05D531F8E254}"
EndProject
Project("{FAE04EC0-301F-11D3-BF4B-00C04F79EFBC}") = "AutoService.Application.Tests", "tests\AutoService.Application.Tests\AutoService.Application.Tests.csproj", "{2E87FA99-5380-4999-BA77-EDB028872E40}"
EndProject
Global
	GlobalSection(SolutionConfigurationPlatforms) = preSolution
		Debug|Any CPU = Debug|Any CPU
		Release|Any CPU = Release|Any CPU
	EndGlobalSection
	GlobalSection(ProjectConfigurationPlatforms) = postSolution
		{787A1231-D3FA-417B-9376-6E3AB36D0DA2}.Debug|Any CPU.ActiveCfg = Debug|Any CPU
		{787A1231-D3FA-417B-9376-6E3AB36D0DA2}.Debug|Any CPU.Build.0 = Debug|Any CPU
		{787A1231-D3FA-417B-9376-6E3AB36D0DA2}.Release|Any CPU.ActiveCfg = Release|Any CPU
		{787A1231-D3FA-417B-9376-6E3AB36D0DA2}.Release|Any CPU.Build.0 = Release|Any CPU
		{4DD8C7E1-6053-49DE-88EC-500428B21DE0}.Debug|Any CPU.ActiveCfg = Debug|Any CPU
		{4DD8C7E1-6053-49DE-88EC-500428B21DE0}.Debug|Any CPU.Build.0 = Debug|Any CPU
		{4DD8C7E1-6053-49DE-88EC-500428B21DE0}.Release|Any CPU.ActiveCfg = Release|Any CPU
		{4DD8C7E1-6053-49DE-88EC-500428B21DE0}.Release|Any CPU.Build.0 = Release|Any CPU
		{D5679FD1-56AE-4A73-9012-CFB5DA1D2665}.Debug|Any CPU.ActiveCfg = Debug|Any CPU
		{D5679FD1-56AE-4A73-9012-CFB5DA1D2665}.Debug|Any CPU.Build.0 = Debug|Any CPU
		{D5679FD1-56AE-4A73-9012-CFB5DA1D2665}.Release|Any CPU.ActiveCfg = Release|Any CPU
		{D5679FD1-56AE-4A73-9012-CFB5DA1D2665}.Release|Any CPU.Build.0 = Release|Any CPU
		{A29B2A1F-EACE-4AD9-84BA-13FBEAC939BF}.Debug|Any CPU.ActiveCfg = Debug|Any CPU
		{A29B2A1F-EACE-4AD9-84BA-13FBEAC939BF}.Debug|Any CPU.Build.0 = Debug|Any CPU
		{A29B2A1F-EACE-4AD9-84BA-13FBEAC939BF}.Release|Any CPU.ActiveCfg = Release|Any CPU
		{A29B2A1F-EACE-4AD9-84BA-13FBEAC939BF}.Release|Any CPU.Build.0 = Release|Any CPU
		{2034019F-36F1-4D58-95E0-57D517501F72}.Debug|Any CPU.ActiveCfg = Debug|Any CPU
		{2034019F-36F1-4D58-95E0-57D517501F72}.Debug|Any CPU.Build.0 = Debug|Any CPU
		{2034019F-36F1-4D58-95E0-57D517501F72}.Release|Any CPU.ActiveCfg = Release|Any CPU
		{2034019F-36F1-4D58-95E0-57D517501F72}.Release|Any CPU.Build.0 = Release|Any CPU
		{F52FF174-AAF3-4793-B2EC-05D531F8E254}.Debug|Any CPU.ActiveCfg = Debug|Any CPU
		{F52FF174-AAF3-4793-B2EC-05D531F8E254}.Debug|Any CPU.Build.0 = Debug|Any CPU
		{F52FF174-AAF3-4793-B2EC-05D531F8E254}.Release|Any CPU.ActiveCfg = Release|Any CPU
		{F52FF174-AAF3-4793-B2EC-05D531F8E254}.Release|Any CPU.Build.0 = Release|Any CPU
		{2E87FA99-5380-4999-BA77-EDB028872E40}.Debug|Any CPU.ActiveCfg = Debug|Any CPU
		{2E87FA99-5380-4999-BA77-EDB028872E40}.Debug|Any CPU.Build.0 = Debug|Any CPU
		{2E87FA99-5380-4999-BA77-EDB028872E40}.Release|Any CPU.ActiveCfg = Release|Any CPU
		{2E87FA99-5380-4999-BA77-EDB028872E40}.Release|Any CPU.Build.0 = Release|Any CPU
	EndGlobalSection
	GlobalSection(SolutionProperties) = preSolution
		HideSolutionNode = FALSE
	EndGlobalSection
	GlobalSection(NestedProjects) = preSolution
		{787A1231-D3FA-417B-9376-6E3AB36D0DA2} = {A1F426FD-2603-445E-946F-6E024896A65D}
		{4DD8C7E1-6053-49DE-88EC-500428B21DE0} = {A1F426FD-2603-445E-946F-6E024896A65D}
		{D5679FD1-56AE-4A73-9012-CFB5DA1D2665} = {A1F426FD-2603-445E-946F-6E024896A65D}
		{A29B2A1F-EACE-4AD9-84BA-13FBEAC939BF} = {A1F426FD-2603-445E-946F-6E024896A65D}
		{2034019F-36F1-4D58-95E0-57D517501F72} = {A1F426FD-2603-445E-946F-6E024896A65D}
		{F52FF174-AAF3-4793-B2EC-05D531F8E254} = {229ADCF5-EF10-41EA-B914-6FD59310D311}
		{2E87FA99-5380-4999-BA77-EDB028872E40} = {229ADCF5-EF10-41EA-B914-6FD59310D311}
	EndGlobalSection
	GlobalSection(ExtensibilityGlobals) = postSolution
		SolutionGuid = {4E1A8967-E8B9-4370-9217-DBDF85559E73}
	EndGlobalSection
EndGlobal
