
Microsoft Visual Studio Solution File, Format Version 12.00
# Visual Studio Version 17
VisualStudioVersion = 17.0.31903.59
MinimumVisualStudioVersion = 10.0.40219.1
Project("{2150E333-8FDC-42A3-9474-1A3956D46DE8}") = "src", "src", "{A1F426FD-2603-445E-946F-6E024896A65D}"
EndProject
Project("{2150E333-8FDC-42A3-9474-1A3956D46DE8}") = "Services", "Services", "{870517CD-6EDE-4F7E-B59C-79884C3FD1AF}"
EndProject
Project("{2150E333-8FDC-42A3-9474-1A3956D46DE8}") = "Building blocks", "Building blocks", "{0FDCEF19-FCA4-4AF9-A814-433A894C40CC}"
EndProject
Project("{2150E333-8FDC-42A3-9474-1A3956D46DE8}") = "Core", "Core", "{2EE2F1F2-C802-4630-BA06-8267D2FFB204}"
EndProject
Project("{9A19103F-16F7-4668-BE54-9A1E7A4F7556}") = "AutoService.Core", "src\building-blocks\AutoService.Core\AutoService.Core.csproj", "{30AA5602-3EB1-4385-B12D-10AFE2169996}"
EndProject
Project("{2150E333-8FDC-42A3-9474-1A3956D46DE8}") = "Payment", "Payment", "{A890E135-2474-4193-B49C-D2277F068728}"
EndProject
Project("{9A19103F-16F7-4668-BE54-9A1E7A4F7556}") = "AutoService.Payment.Application", "src\services\Payment\AutoService.Payment.Application\AutoService.Payment.Application.csproj", "{797DDAD1-7E73-4A35-9C39-437D0471AF9A}"
EndProject
Project("{9A19103F-16F7-4668-BE54-9A1E7A4F7556}") = "AutoService.Payment.Infrastructure", "src\services\Payment\AutoService.Payment.Infrastructure\AutoService.Payment.Infrastructure.csproj", "{5DCB03FF-AED0-48F6-A1BD-F06C2D4F84F6}"
EndProject
Project("{9A19103F-16F7-4668-BE54-9A1E7A4F7556}") = "AutoService.Payment.Domain", "src\services\Payment\AutoService.Payment.Domain\AutoService.Payment.Domain.csproj", "{5362881A-DD2E-4C18-A82D-B15448D8DEB4}"
EndProject
Project("{9A19103F-16F7-4668-BE54-9A1E7A4F7556}") = "AutoService.Payment.Api", "src\services\Payment\AutoService.Payment.Api\AutoService.Payment.Api.csproj", "{91E1D065-E0E9-4D68-A23F-E1B85ED1CF8E}"
EndProject
Project("{2150E333-8FDC-42A3-9474-1A3956D46DE8}") = "Customer", "Customer", "{CC87C8C6-F19B-407D-A6F3-18802D808765}"
EndProject
Project("{9A19103F-16F7-4668-BE54-9A1E7A4F7556}") = "AutoService.Customers.Api", "src\services\Customer\AutoService.Customers.Api\AutoService.Customers.Api.csproj", "{C15211A8-9EC2-40C1-9101-A72CAFC48E64}"
EndProject
Project("{9A19103F-16F7-4668-BE54-9A1E7A4F7556}") = "AutoService.Customers.Domain", "src\services\Customer\AutoService.Customers.Domain\AutoService.Customers.Domain.csproj", "{EEB6D040-00F3-443E-BE7A-876B749AAB55}"
EndProject
Project("{9A19103F-16F7-4668-BE54-9A1E7A4F7556}") = "AutoService.Customers.Application", "src\services\Customer\AutoService.Customers.Application\AutoService.Customers.Application.csproj", "{3990B3BA-F796-4FCA-9D5E-F54426961B2A}"
EndProject
Project("{9A19103F-16F7-4668-BE54-9A1E7A4F7556}") = "AutoService.Customers.Infrastructure", "src\services\Customer\AutoService.Customers.Infrastructure\AutoService.Customers.Infrastructure.csproj", "{6DE12716-57F8-477B-B2DB-7F11137947D1}"
EndProject
Project("{2150E333-8FDC-42A3-9474-1A3956D46DE8}") = "ProfessionalAccount", "ProfessionalAccount", "{C331F998-3119-42C6-A423-F6050599F4B4}"
EndProject
Project("{FAE04EC0-301F-11D3-BF4B-00C04F79EFBC}") = "AutoService.ProfessionalAccount.Application", "src\services\ProfessionalAccount\AutoService.ProfessionalAccount.Application\AutoService.ProfessionalAccount.Application.csproj", "{20075C07-8EC3-4ACE-8F2A-B7FBF86AAF4E}"
EndProject
Project("{FAE04EC0-301F-11D3-BF4B-00C04F79EFBC}") = "AutoService.ProfessionalAccount.Domain", "src\services\ProfessionalAccount\AutoService.ProfessionalAccount.Domain\AutoService.ProfessionalAccount.Domain.csproj", "{5D0EEA7C-CA55-4ACB-8804-6653CB593180}"
EndProject
Project("{FAE04EC0-301F-11D3-BF4B-00C04F79EFBC}") = "AutoService.ProfessionalAccount.Infrastructure", "src\services\ProfessionalAccount\AutoService.ProfessionalAccount.Infrastructure\AutoService.ProfessionalAccount.Infrastructure.csproj", "{38EFA541-B17A-4E79-8895-31A43827B06C}"
EndProject
Project("{FAE04EC0-301F-11D3-BF4B-00C04F79EFBC}") = "AutoService.ProfessionalAccount.Api", "src\services\ProfessionalAccount\AutoService.ProfessionalAccount.Api\AutoService.ProfessionalAccount.Api.csproj", "{75F81FCA-A6CB-4375-A033-99C60329AE26}"
EndProject
Global
	GlobalSection(SolutionConfigurationPlatforms) = preSolution
		Debug|Any CPU = Debug|Any CPU
		Release|Any CPU = Release|Any CPU
	EndGlobalSection
	GlobalSection(ProjectConfigurationPlatforms) = postSolution
		{30AA5602-3EB1-4385-B12D-10AFE2169996}.Debug|Any CPU.ActiveCfg = Debug|Any CPU
		{30AA5602-3EB1-4385-B12D-10AFE2169996}.Debug|Any CPU.Build.0 = Debug|Any CPU
		{30AA5602-3EB1-4385-B12D-10AFE2169996}.Release|Any CPU.ActiveCfg = Release|Any CPU
		{30AA5602-3EB1-4385-B12D-10AFE2169996}.Release|Any CPU.Build.0 = Release|Any CPU
		{797DDAD1-7E73-4A35-9C39-437D0471AF9A}.Debug|Any CPU.ActiveCfg = Debug|Any CPU
		{797DDAD1-7E73-4A35-9C39-437D0471AF9A}.Debug|Any CPU.Build.0 = Debug|Any CPU
		{797DDAD1-7E73-4A35-9C39-437D0471AF9A}.Release|Any CPU.ActiveCfg = Release|Any CPU
		{797DDAD1-7E73-4A35-9C39-437D0471AF9A}.Release|Any CPU.Build.0 = Release|Any CPU
		{5DCB03FF-AED0-48F6-A1BD-F06C2D4F84F6}.Debug|Any CPU.ActiveCfg = Debug|Any CPU
		{5DCB03FF-AED0-48F6-A1BD-F06C2D4F84F6}.Debug|Any CPU.Build.0 = Debug|Any CPU
		{5DCB03FF-AED0-48F6-A1BD-F06C2D4F84F6}.Release|Any CPU.ActiveCfg = Release|Any CPU
		{5DCB03FF-AED0-48F6-A1BD-F06C2D4F84F6}.Release|Any CPU.Build.0 = Release|Any CPU
		{5362881A-DD2E-4C18-A82D-B15448D8DEB4}.Debug|Any CPU.ActiveCfg = Debug|Any CPU
		{5362881A-DD2E-4C18-A82D-B15448D8DEB4}.Debug|Any CPU.Build.0 = Debug|Any CPU
		{5362881A-DD2E-4C18-A82D-B15448D8DEB4}.Release|Any CPU.ActiveCfg = Release|Any CPU
		{5362881A-DD2E-4C18-A82D-B15448D8DEB4}.Release|Any CPU.Build.0 = Release|Any CPU
		{91E1D065-E0E9-4D68-A23F-E1B85ED1CF8E}.Debug|Any CPU.ActiveCfg = Debug|Any CPU
		{91E1D065-E0E9-4D68-A23F-E1B85ED1CF8E}.Debug|Any CPU.Build.0 = Debug|Any CPU
		{91E1D065-E0E9-4D68-A23F-E1B85ED1CF8E}.Release|Any CPU.ActiveCfg = Release|Any CPU
		{91E1D065-E0E9-4D68-A23F-E1B85ED1CF8E}.Release|Any CPU.Build.0 = Release|Any CPU
		{C15211A8-9EC2-40C1-9101-A72CAFC48E64}.Debug|Any CPU.ActiveCfg = Debug|Any CPU
		{C15211A8-9EC2-40C1-9101-A72CAFC48E64}.Debug|Any CPU.Build.0 = Debug|Any CPU
		{C15211A8-9EC2-40C1-9101-A72CAFC48E64}.Release|Any CPU.ActiveCfg = Release|Any CPU
		{C15211A8-9EC2-40C1-9101-A72CAFC48E64}.Release|Any CPU.Build.0 = Release|Any CPU
		{EEB6D040-00F3-443E-BE7A-876B749AAB55}.Debug|Any CPU.ActiveCfg = Debug|Any CPU
		{EEB6D040-00F3-443E-BE7A-876B749AAB55}.Debug|Any CPU.Build.0 = Debug|Any CPU
		{EEB6D040-00F3-443E-BE7A-876B749AAB55}.Release|Any CPU.ActiveCfg = Release|Any CPU
		{EEB6D040-00F3-443E-BE7A-876B749AAB55}.Release|Any CPU.Build.0 = Release|Any CPU
		{3990B3BA-F796-4FCA-9D5E-F54426961B2A}.Debug|Any CPU.ActiveCfg = Debug|Any CPU
		{3990B3BA-F796-4FCA-9D5E-F54426961B2A}.Debug|Any CPU.Build.0 = Debug|Any CPU
		{3990B3BA-F796-4FCA-9D5E-F54426961B2A}.Release|Any CPU.ActiveCfg = Release|Any CPU
		{3990B3BA-F796-4FCA-9D5E-F54426961B2A}.Release|Any CPU.Build.0 = Release|Any CPU
		{6DE12716-57F8-477B-B2DB-7F11137947D1}.Debug|Any CPU.ActiveCfg = Debug|Any CPU
		{6DE12716-57F8-477B-B2DB-7F11137947D1}.Debug|Any CPU.Build.0 = Debug|Any CPU
		{6DE12716-57F8-477B-B2DB-7F11137947D1}.Release|Any CPU.ActiveCfg = Release|Any CPU
		{6DE12716-57F8-477B-B2DB-7F11137947D1}.Release|Any CPU.Build.0 = Release|Any CPU
		{20075C07-8EC3-4ACE-8F2A-B7FBF86AAF4E}.Debug|Any CPU.ActiveCfg = Debug|Any CPU
		{20075C07-8EC3-4ACE-8F2A-B7FBF86AAF4E}.Debug|Any CPU.Build.0 = Debug|Any CPU
		{20075C07-8EC3-4ACE-8F2A-B7FBF86AAF4E}.Release|Any CPU.ActiveCfg = Release|Any CPU
		{20075C07-8EC3-4ACE-8F2A-B7FBF86AAF4E}.Release|Any CPU.Build.0 = Release|Any CPU
		{5D0EEA7C-CA55-4ACB-8804-6653CB593180}.Debug|Any CPU.ActiveCfg = Debug|Any CPU
		{5D0EEA7C-CA55-4ACB-8804-6653CB593180}.Debug|Any CPU.Build.0 = Debug|Any CPU
		{5D0EEA7C-CA55-4ACB-8804-6653CB593180}.Release|Any CPU.ActiveCfg = Release|Any CPU
		{5D0EEA7C-CA55-4ACB-8804-6653CB593180}.Release|Any CPU.Build.0 = Release|Any CPU
		{38EFA541-B17A-4E79-8895-31A43827B06C}.Debug|Any CPU.ActiveCfg = Debug|Any CPU
		{38EFA541-B17A-4E79-8895-31A43827B06C}.Debug|Any CPU.Build.0 = Debug|Any CPU
		{38EFA541-B17A-4E79-8895-31A43827B06C}.Release|Any CPU.ActiveCfg = Release|Any CPU
		{38EFA541-B17A-4E79-8895-31A43827B06C}.Release|Any CPU.Build.0 = Release|Any CPU
		{75F81FCA-A6CB-4375-A033-99C60329AE26}.Debug|Any CPU.ActiveCfg = Debug|Any CPU
		{75F81FCA-A6CB-4375-A033-99C60329AE26}.Debug|Any CPU.Build.0 = Debug|Any CPU
		{75F81FCA-A6CB-4375-A033-99C60329AE26}.Release|Any CPU.ActiveCfg = Release|Any CPU
		{75F81FCA-A6CB-4375-A033-99C60329AE26}.Release|Any CPU.Build.0 = Release|Any CPU
	EndGlobalSection
	GlobalSection(SolutionProperties) = preSolution
		HideSolutionNode = FALSE
	EndGlobalSection
	GlobalSection(NestedProjects) = preSolution
		{870517CD-6EDE-4F7E-B59C-79884C3FD1AF} = {A1F426FD-2603-445E-946F-6E024896A65D}
		{0FDCEF19-FCA4-4AF9-A814-433A894C40CC} = {A1F426FD-2603-445E-946F-6E024896A65D}
		{2EE2F1F2-C802-4630-BA06-8267D2FFB204} = {0FDCEF19-FCA4-4AF9-A814-433A894C40CC}
		{30AA5602-3EB1-4385-B12D-10AFE2169996} = {2EE2F1F2-C802-4630-BA06-8267D2FFB204}
		{A890E135-2474-4193-B49C-D2277F068728} = {870517CD-6EDE-4F7E-B59C-79884C3FD1AF}
		{797DDAD1-7E73-4A35-9C39-437D0471AF9A} = {A890E135-2474-4193-B49C-D2277F068728}
		{5DCB03FF-AED0-48F6-A1BD-F06C2D4F84F6} = {A890E135-2474-4193-B49C-D2277F068728}
		{5362881A-DD2E-4C18-A82D-B15448D8DEB4} = {A890E135-2474-4193-B49C-D2277F068728}
		{91E1D065-E0E9-4D68-A23F-E1B85ED1CF8E} = {A890E135-2474-4193-B49C-D2277F068728}
		{CC87C8C6-F19B-407D-A6F3-18802D808765} = {870517CD-6EDE-4F7E-B59C-79884C3FD1AF}
		{C15211A8-9EC2-40C1-9101-A72CAFC48E64} = {CC87C8C6-F19B-407D-A6F3-18802D808765}
		{EEB6D040-00F3-443E-BE7A-876B749AAB55} = {CC87C8C6-F19B-407D-A6F3-18802D808765}
		{3990B3BA-F796-4FCA-9D5E-F54426961B2A} = {CC87C8C6-F19B-407D-A6F3-18802D808765}
		{6DE12716-57F8-477B-B2DB-7F11137947D1} = {CC87C8C6-F19B-407D-A6F3-18802D808765}
		{C331F998-3119-42C6-A423-F6050599F4B4} = {870517CD-6EDE-4F7E-B59C-79884C3FD1AF}
		{20075C07-8EC3-4ACE-8F2A-B7FBF86AAF4E} = {C331F998-3119-42C6-A423-F6050599F4B4}
		{5D0EEA7C-CA55-4ACB-8804-6653CB593180} = {C331F998-3119-42C6-A423-F6050599F4B4}
		{38EFA541-B17A-4E79-8895-31A43827B06C} = {C331F998-3119-42C6-A423-F6050599F4B4}
		{75F81FCA-A6CB-4375-A033-99C60329AE26} = {C331F998-3119-42C6-A423-F6050599F4B4}
	EndGlobalSection
	GlobalSection(ExtensibilityGlobals) = postSolution
		SolutionGuid = {4E1A8967-E8B9-4370-9217-DBDF85559E73}
	EndGlobalSection
EndGlobal
